lockfileVersion: 5.4

importers:

  .:
    specifiers: {}

  packages/app:
    specifiers:
      '@cs/math': workspace:*
      lodash: ^4.17.21
      utils: workspace:*
    dependencies:
      '@cs/math': link:../math
      lodash: 4.17.21
      utils: link:../utils

  packages/math:
    specifiers: {}

  packages/utils:
    specifiers: {}

packages:

  /lodash/4.17.21:
    resolution: {integrity: sha512-v2kDEe57lecTulaDIuNTPy3Ry4gLGJ6Z1O3vE1krgXZNrsQ+LFTGHVxVjcXPs17LhbZVGedAJv8XZ1tvj5FvSg==}
    dev: false
